
Microsoft Visual Studio Solution File, Format Version 12.00
# Visual Studio Version 16
VisualStudioVersion = 16.0.31424.327
MinimumVisualStudioVersion = 10.0.40219.1
Project("{2150E333-8FDC-42A3-9474-1A3956D46DE8}") = "src", "src", "{3E4C88F7-E972-4D5C-9FDF-06B76296EC43}"
EndProject
Project("{9A19103F-16F7-4668-BE54-9A1E7A4F7556}") = "IdentityServer4.Storage", "..\Storage\src\IdentityServer4.Storage.csproj", "{F2306BFA-2E4C-4650-85BE-FB5B7158A67F}"
EndProject
Project("{2150E333-8FDC-42A3-9474-1A3956D46DE8}") = "SolutionItems", "SolutionItems", "{EE324EF8-2933-4FDB-B6FD-AE1FDD2F88ED}"
	ProjectSection(SolutionItems) = preProject
		..\Directory.Build.targets = ..\Directory.Build.targets
	EndProjectSection
EndProject
Project("{9A19103F-16F7-4668-BE54-9A1E7A4F7556}") = "IdentityServer4", "..\IdentityServer4\src\IdentityServer4.csproj", "{5E996B4A-F29F-47BF-97ED-19F971E3899C}"
EndProject
Project("{9A19103F-16F7-4668-BE54-9A1E7A4F7556}") = "IdentityServer4.EntityFramework.Storage", "..\EntityFramework.Storage\src\IdentityServer4.EntityFramework.Storage.csproj", "{0789CF57-D607-4D1D-8247-F81867AC9033}"
EndProject
Project("{9A19103F-16F7-4668-BE54-9A1E7A4F7556}") = "IdentityServer4.EntityFramework", "..\EntityFramework\src\IdentityServer4.EntityFramework.csproj", "{2269C4FA-DE73-4968-BF08-33EBB9B8A6C7}"
EndProject
Project("{9A19103F-16F7-4668-BE54-9A1E7A4F7556}") = "IdentityServer4.AspNetIdentity", "..\AspNetIdentity\src\IdentityServer4.AspNetIdentity.csproj", "{24BF2346-DFC6-4CFD-B14A-7BC311789EF5}"
EndProject
Project("{2150E333-8FDC-42A3-9474-1A3956D46DE8}") = "test", "test", "{F9AA5FB7-E931-4089-A9ED-F25DA5ECAF82}"
EndProject
Project("{9A19103F-16F7-4668-BE54-9A1E7A4F7556}") = "IdentityServer.UnitTests", "..\IdentityServer4\test\IdentityServer.UnitTests\IdentityServer.UnitTests.csproj", "{A6F572A2-D012-4D88-A196-24CEAF3586FF}"
EndProject
Project("{9A19103F-16F7-4668-BE54-9A1E7A4F7556}") = "IdentityServer4.EntityFramework.UnitTests", "..\EntityFramework.Storage\test\UnitTests\IdentityServer4.EntityFramework.UnitTests.csproj", "{BA637951-C1C1-41F0-A403-682823A4720C}"
EndProject
Global
	GlobalSection(SolutionConfigurationPlatforms) = preSolution
		Debug|Any CPU = Debug|Any CPU
		Release|Any CPU = Release|Any CPU
	EndGlobalSection
	GlobalSection(ProjectConfigurationPlatforms) = postSolution
		{F2306BFA-2E4C-4650-85BE-FB5B7158A67F}.Debug|Any CPU.ActiveCfg = Debug|Any CPU
		{F2306BFA-2E4C-4650-85BE-FB5B7158A67F}.Debug|Any CPU.Build.0 = Debug|Any CPU
		{F2306BFA-2E4C-4650-85BE-FB5B7158A67F}.Release|Any CPU.ActiveCfg = Release|Any CPU
		{F2306BFA-2E4C-4650-85BE-FB5B7158A67F}.Release|Any CPU.Build.0 = Release|Any CPU
		{5E996B4A-F29F-47BF-97ED-19F971E3899C}.Debug|Any CPU.ActiveCfg = Debug|Any CPU
		{5E996B4A-F29F-47BF-97ED-19F971E3899C}.Debug|Any CPU.Build.0 = Debug|Any CPU
		{5E996B4A-F29F-47BF-97ED-19F971E3899C}.Release|Any CPU.ActiveCfg = Release|Any CPU
		{5E996B4A-F29F-47BF-97ED-19F971E3899C}.Release|Any CPU.Build.0 = Release|Any CPU
		{0789CF57-D607-4D1D-8247-F81867AC9033}.Debug|Any CPU.ActiveCfg = Debug|Any CPU
		{0789CF57-D607-4D1D-8247-F81867AC9033}.Debug|Any CPU.Build.0 = Debug|Any CPU
		{0789CF57-D607-4D1D-8247-F81867AC9033}.Release|Any CPU.ActiveCfg = Release|Any CPU
		{0789CF57-D607-4D1D-8247-F81867AC9033}.Release|Any CPU.Build.0 = Release|Any CPU
		{2269C4FA-DE73-4968-BF08-33EBB9B8A6C7}.Debug|Any CPU.ActiveCfg = Debug|Any CPU
		{2269C4FA-DE73-4968-BF08-33EBB9B8A6C7}.Debug|Any CPU.Build.0 = Debug|Any CPU
		{2269C4FA-DE73-4968-BF08-33EBB9B8A6C7}.Release|Any CPU.ActiveCfg = Release|Any CPU
		{2269C4FA-DE73-4968-BF08-33EBB9B8A6C7}.Release|Any CPU.Build.0 = Release|Any CPU
		{24BF2346-DFC6-4CFD-B14A-7BC311789EF5}.Debug|Any CPU.ActiveCfg = Debug|Any CPU
		{24BF2346-DFC6-4CFD-B14A-7BC311789EF5}.Debug|Any CPU.Build.0 = Debug|Any CPU
		{24BF2346-DFC6-4CFD-B14A-7BC311789EF5}.Release|Any CPU.ActiveCfg = Release|Any CPU
		{24BF2346-DFC6-4CFD-B14A-7BC311789EF5}.Release|Any CPU.Build.0 = Release|Any CPU
		{A6F572A2-D012-4D88-A196-24CEAF3586FF}.Debug|Any CPU.ActiveCfg = Debug|Any CPU
		{A6F572A2-D012-4D88-A196-24CEAF3586FF}.Debug|Any CPU.Build.0 = Debug|Any CPU
		{A6F572A2-D012-4D88-A196-24CEAF3586FF}.Release|Any CPU.ActiveCfg = Release|Any CPU
		{A6F572A2-D012-4D88-A196-24CEAF3586FF}.Release|Any CPU.Build.0 = Release|Any CPU
		{BA637951-C1C1-41F0-A403-682823A4720C}.Debug|Any CPU.ActiveCfg = Debug|Any CPU
		{BA637951-C1C1-41F0-A403-682823A4720C}.Debug|Any CPU.Build.0 = Debug|Any CPU
		{BA637951-C1C1-41F0-A403-682823A4720C}.Release|Any CPU.ActiveCfg = Release|Any CPU
		{BA637951-C1C1-41F0-A403-682823A4720C}.Release|Any CPU.Build.0 = Release|Any CPU
	EndGlobalSection
	GlobalSection(SolutionProperties) = preSolution
		HideSolutionNode = FALSE
	EndGlobalSection
	GlobalSection(NestedProjects) = preSolution
		{F2306BFA-2E4C-4650-85BE-FB5B7158A67F} = {3E4C88F7-E972-4D5C-9FDF-06B76296EC43}
		{5E996B4A-F29F-47BF-97ED-19F971E3899C} = {3E4C88F7-E972-4D5C-9FDF-06B76296EC43}
		{0789CF57-D607-4D1D-8247-F81867AC9033} = {3E4C88F7-E972-4D5C-9FDF-06B76296EC43}
		{2269C4FA-DE73-4968-BF08-33EBB9B8A6C7} = {3E4C88F7-E972-4D5C-9FDF-06B76296EC43}
		{24BF2346-DFC6-4CFD-B14A-7BC311789EF5} = {3E4C88F7-E972-4D5C-9FDF-06B76296EC43}
		{A6F572A2-D012-4D88-A196-24CEAF3586FF} = {F9AA5FB7-E931-4089-A9ED-F25DA5ECAF82}
		{BA637951-C1C1-41F0-A403-682823A4720C} = {F9AA5FB7-E931-4089-A9ED-F25DA5ECAF82}
	EndGlobalSection
	GlobalSection(ExtensibilityGlobals) = postSolution
		SolutionGuid = {432DF5FD-61B6-4613-9D7A-E9E7FF3EAAB7}
	EndGlobalSection
EndGlobal
