
Microsoft Visual Studio Solution File, Format Version 12.00
# Visual Studio Version 16
VisualStudioVersion = 16.0.31424.327
MinimumVisualStudioVersion = 15.0.26124.0
Project("{2150E333-8FDC-42A3-9474-1A3956D46DE8}") = "SolutionItems", "SolutionItems", "{A09E0164-4A71-441D-98E4-4BF46B3F249C}"
	ProjectSection(SolutionItems) = preProject
		Directory.Build.targets = Directory.Build.targets
		..\global.json = ..\global.json
	EndProjectSection
EndProject
Project("{2150E333-8FDC-42A3-9474-1A3956D46DE8}") = "src", "src", "{53E5D24A-28C4-4146-B91A-2AE7A4BF3DEF}"
EndProject
Project("{9A19103F-16F7-4668-BE54-9A1E7A4F7556}") = "IdentityServer4.Storage", "Storage\src\IdentityServer4.Storage.csproj", "{EE798588-CCED-42A0-A643-1CB9089414D5}"
EndProject
Project("{9A19103F-16F7-4668-BE54-9A1E7A4F7556}") = "IdentityServer4", "IdentityServer4\src\IdentityServer4.csproj", "{2AC23F3F-2CCF-4D98-B643-ED4768E91EB1}"
	ProjectSection(ProjectDependencies) = postProject
		{EE798588-CCED-42A0-A643-1CB9089414D5} = {EE798588-CCED-42A0-A643-1CB9089414D5}
	EndProjectSection
EndProject
Project("{9A19103F-16F7-4668-BE54-9A1E7A4F7556}") = "IdentityServer4.EntityFramework.Storage", "EntityFramework.Storage\src\IdentityServer4.EntityFramework.Storage.csproj", "{745955BB-25E1-4EF4-B0E2-64EEE3444F6C}"
	ProjectSection(ProjectDependencies) = postProject
		{2AC23F3F-2CCF-4D98-B643-ED4768E91EB1} = {2AC23F3F-2CCF-4D98-B643-ED4768E91EB1}
		{EE798588-CCED-42A0-A643-1CB9089414D5} = {EE798588-CCED-42A0-A643-1CB9089414D5}
	EndProjectSection
EndProject
Project("{9A19103F-16F7-4668-BE54-9A1E7A4F7556}") = "IdentityServer4.EntityFramework", "EntityFramework\src\IdentityServer4.EntityFramework.csproj", "{702D9B94-73C4-471F-9910-F5E8DB397573}"
	ProjectSection(ProjectDependencies) = postProject
		{745955BB-25E1-4EF4-B0E2-64EEE3444F6C} = {745955BB-25E1-4EF4-B0E2-64EEE3444F6C}
	EndProjectSection
EndProject
Project("{9A19103F-16F7-4668-BE54-9A1E7A4F7556}") = "IdentityServer4.AspNetIdentity", "AspNetIdentity\src\IdentityServer4.AspNetIdentity.csproj", "{945055F9-F9B5-442A-AADF-323C5EAE8236}"
	ProjectSection(ProjectDependencies) = postProject
		{2AC23F3F-2CCF-4D98-B643-ED4768E91EB1} = {2AC23F3F-2CCF-4D98-B643-ED4768E91EB1}
	EndProjectSection
EndProject
Project("{2150E333-8FDC-42A3-9474-1A3956D46DE8}") = "libs", "libs", "{B7382DD6-C027-4482-A3EB-2512FFAA9EAF}"
EndProject
Project("{2150E333-8FDC-42A3-9474-1A3956D46DE8}") = "test", "test", "{21428408-FA8B-41EB-87FD-F78BD2E64B4B}"
EndProject
Project("{9A19103F-16F7-4668-BE54-9A1E7A4F7556}") = "IdentityServer4.EntityFramework.Tests", "EntityFramework\test\IdentityServer4.EntityFramework.Tests\IdentityServer4.EntityFramework.Tests.csproj", "{219F0F85-7923-4CCC-AA6D-303A51CF8D79}"
EndProject
Project("{9A19103F-16F7-4668-BE54-9A1E7A4F7556}") = "IdentityServer4.EntityFramework.UnitTests", "EntityFramework.Storage\test\UnitTests\IdentityServer4.EntityFramework.UnitTests.csproj", "{A3703E2A-C6BC-4968-8B9C-D6BDD8D22D2F}"
EndProject
Project("{9A19103F-16F7-4668-BE54-9A1E7A4F7556}") = "IdentityServer4.EntityFramework.IntegrationTests", "EntityFramework.Storage\test\IntegrationTests\IdentityServer4.EntityFramework.IntegrationTests.csproj", "{A6F06616-75CB-4392-83C7-BD134944FF15}"
EndProject
Project("{9A19103F-16F7-4668-BE54-9A1E7A4F7556}") = "IdentityServer.UnitTests", "IdentityServer4\test\IdentityServer.UnitTests\IdentityServer.UnitTests.csproj", "{8D7B6A8B-AB8E-492C-967E-535BCCE195EC}"
EndProject
Project("{9A19103F-16F7-4668-BE54-9A1E7A4F7556}") = "IdentityServer.IntegrationTests", "IdentityServer4\test\IdentityServer.IntegrationTests\IdentityServer.IntegrationTests.csproj", "{C40A65C4-38D4-4074-B526-349CB3BFD933}"
EndProject
Global
	GlobalSection(SolutionConfigurationPlatforms) = preSolution
		Debug|Any CPU = Debug|Any CPU
		Debug|x64 = Debug|x64
		Debug|x86 = Debug|x86
		Release|Any CPU = Release|Any CPU
		Release|x64 = Release|x64
		Release|x86 = Release|x86
	EndGlobalSection
	GlobalSection(ProjectConfigurationPlatforms) = postSolution
		{EE798588-CCED-42A0-A643-1CB9089414D5}.Debug|Any CPU.ActiveCfg = Debug|Any CPU
		{EE798588-CCED-42A0-A643-1CB9089414D5}.Debug|Any CPU.Build.0 = Debug|Any CPU
		{EE798588-CCED-42A0-A643-1CB9089414D5}.Debug|x64.ActiveCfg = Debug|Any CPU
		{EE798588-CCED-42A0-A643-1CB9089414D5}.Debug|x64.Build.0 = Debug|Any CPU
		{EE798588-CCED-42A0-A643-1CB9089414D5}.Debug|x86.ActiveCfg = Debug|Any CPU
		{EE798588-CCED-42A0-A643-1CB9089414D5}.Debug|x86.Build.0 = Debug|Any CPU
		{EE798588-CCED-42A0-A643-1CB9089414D5}.Release|Any CPU.ActiveCfg = Release|Any CPU
		{EE798588-CCED-42A0-A643-1CB9089414D5}.Release|Any CPU.Build.0 = Release|Any CPU
		{EE798588-CCED-42A0-A643-1CB9089414D5}.Release|x64.ActiveCfg = Release|Any CPU
		{EE798588-CCED-42A0-A643-1CB9089414D5}.Release|x64.Build.0 = Release|Any CPU
		{EE798588-CCED-42A0-A643-1CB9089414D5}.Release|x86.ActiveCfg = Release|Any CPU
		{EE798588-CCED-42A0-A643-1CB9089414D5}.Release|x86.Build.0 = Release|Any CPU
		{2AC23F3F-2CCF-4D98-B643-ED4768E91EB1}.Debug|Any CPU.ActiveCfg = Debug|Any CPU
		{2AC23F3F-2CCF-4D98-B643-ED4768E91EB1}.Debug|Any CPU.Build.0 = Debug|Any CPU
		{2AC23F3F-2CCF-4D98-B643-ED4768E91EB1}.Debug|x64.ActiveCfg = Debug|Any CPU
		{2AC23F3F-2CCF-4D98-B643-ED4768E91EB1}.Debug|x64.Build.0 = Debug|Any CPU
		{2AC23F3F-2CCF-4D98-B643-ED4768E91EB1}.Debug|x86.ActiveCfg = Debug|Any CPU
		{2AC23F3F-2CCF-4D98-B643-ED4768E91EB1}.Debug|x86.Build.0 = Debug|Any CPU
		{2AC23F3F-2CCF-4D98-B643-ED4768E91EB1}.Release|Any CPU.ActiveCfg = Release|Any CPU
		{2AC23F3F-2CCF-4D98-B643-ED4768E91EB1}.Release|Any CPU.Build.0 = Release|Any CPU
		{2AC23F3F-2CCF-4D98-B643-ED4768E91EB1}.Release|x64.ActiveCfg = Release|Any CPU
		{2AC23F3F-2CCF-4D98-B643-ED4768E91EB1}.Release|x64.Build.0 = Release|Any CPU
		{2AC23F3F-2CCF-4D98-B643-ED4768E91EB1}.Release|x86.ActiveCfg = Release|Any CPU
		{2AC23F3F-2CCF-4D98-B643-ED4768E91EB1}.Release|x86.Build.0 = Release|Any CPU
		{745955BB-25E1-4EF4-B0E2-64EEE3444F6C}.Debug|Any CPU.ActiveCfg = Debug|Any CPU
		{745955BB-25E1-4EF4-B0E2-64EEE3444F6C}.Debug|Any CPU.Build.0 = Debug|Any CPU
		{745955BB-25E1-4EF4-B0E2-64EEE3444F6C}.Debug|x64.ActiveCfg = Debug|Any CPU
		{745955BB-25E1-4EF4-B0E2-64EEE3444F6C}.Debug|x64.Build.0 = Debug|Any CPU
		{745955BB-25E1-4EF4-B0E2-64EEE3444F6C}.Debug|x86.ActiveCfg = Debug|Any CPU
		{745955BB-25E1-4EF4-B0E2-64EEE3444F6C}.Debug|x86.Build.0 = Debug|Any CPU
		{745955BB-25E1-4EF4-B0E2-64EEE3444F6C}.Release|Any CPU.ActiveCfg = Release|Any CPU
		{745955BB-25E1-4EF4-B0E2-64EEE3444F6C}.Release|Any CPU.Build.0 = Release|Any CPU
		{745955BB-25E1-4EF4-B0E2-64EEE3444F6C}.Release|x64.ActiveCfg = Release|Any CPU
		{745955BB-25E1-4EF4-B0E2-64EEE3444F6C}.Release|x64.Build.0 = Release|Any CPU
		{745955BB-25E1-4EF4-B0E2-64EEE3444F6C}.Release|x86.ActiveCfg = Release|Any CPU
		{745955BB-25E1-4EF4-B0E2-64EEE3444F6C}.Release|x86.Build.0 = Release|Any CPU
		{702D9B94-73C4-471F-9910-F5E8DB397573}.Debug|Any CPU.ActiveCfg = Debug|Any CPU
		{702D9B94-73C4-471F-9910-F5E8DB397573}.Debug|Any CPU.Build.0 = Debug|Any CPU
		{702D9B94-73C4-471F-9910-F5E8DB397573}.Debug|x64.ActiveCfg = Debug|Any CPU
		{702D9B94-73C4-471F-9910-F5E8DB397573}.Debug|x64.Build.0 = Debug|Any CPU
		{702D9B94-73C4-471F-9910-F5E8DB397573}.Debug|x86.ActiveCfg = Debug|Any CPU
		{702D9B94-73C4-471F-9910-F5E8DB397573}.Debug|x86.Build.0 = Debug|Any CPU
		{702D9B94-73C4-471F-9910-F5E8DB397573}.Release|Any CPU.ActiveCfg = Release|Any CPU
		{702D9B94-73C4-471F-9910-F5E8DB397573}.Release|Any CPU.Build.0 = Release|Any CPU
		{702D9B94-73C4-471F-9910-F5E8DB397573}.Release|x64.ActiveCfg = Release|Any CPU
		{702D9B94-73C4-471F-9910-F5E8DB397573}.Release|x64.Build.0 = Release|Any CPU
		{702D9B94-73C4-471F-9910-F5E8DB397573}.Release|x86.ActiveCfg = Release|Any CPU
		{702D9B94-73C4-471F-9910-F5E8DB397573}.Release|x86.Build.0 = Release|Any CPU
		{945055F9-F9B5-442A-AADF-323C5EAE8236}.Debug|Any CPU.ActiveCfg = Debug|Any CPU
		{945055F9-F9B5-442A-AADF-323C5EAE8236}.Debug|Any CPU.Build.0 = Debug|Any CPU
		{945055F9-F9B5-442A-AADF-323C5EAE8236}.Debug|x64.ActiveCfg = Debug|Any CPU
		{945055F9-F9B5-442A-AADF-323C5EAE8236}.Debug|x64.Build.0 = Debug|Any CPU
		{945055F9-F9B5-442A-AADF-323C5EAE8236}.Debug|x86.ActiveCfg = Debug|Any CPU
		{945055F9-F9B5-442A-AADF-323C5EAE8236}.Debug|x86.Build.0 = Debug|Any CPU
		{945055F9-F9B5-442A-AADF-323C5EAE8236}.Release|Any CPU.ActiveCfg = Release|Any CPU
		{945055F9-F9B5-442A-AADF-323C5EAE8236}.Release|Any CPU.Build.0 = Release|Any CPU
		{945055F9-F9B5-442A-AADF-323C5EAE8236}.Release|x64.ActiveCfg = Release|Any CPU
		{945055F9-F9B5-442A-AADF-323C5EAE8236}.Release|x64.Build.0 = Release|Any CPU
		{945055F9-F9B5-442A-AADF-323C5EAE8236}.Release|x86.ActiveCfg = Release|Any CPU
		{945055F9-F9B5-442A-AADF-323C5EAE8236}.Release|x86.Build.0 = Release|Any CPU
		{219F0F85-7923-4CCC-AA6D-303A51CF8D79}.Debug|Any CPU.ActiveCfg = Debug|Any CPU
		{219F0F85-7923-4CCC-AA6D-303A51CF8D79}.Debug|Any CPU.Build.0 = Debug|Any CPU
		{219F0F85-7923-4CCC-AA6D-303A51CF8D79}.Debug|x64.ActiveCfg = Debug|Any CPU
		{219F0F85-7923-4CCC-AA6D-303A51CF8D79}.Debug|x64.Build.0 = Debug|Any CPU
		{219F0F85-7923-4CCC-AA6D-303A51CF8D79}.Debug|x86.ActiveCfg = Debug|Any CPU
		{219F0F85-7923-4CCC-AA6D-303A51CF8D79}.Debug|x86.Build.0 = Debug|Any CPU
		{219F0F85-7923-4CCC-AA6D-303A51CF8D79}.Release|Any CPU.ActiveCfg = Release|Any CPU
		{219F0F85-7923-4CCC-AA6D-303A51CF8D79}.Release|Any CPU.Build.0 = Release|Any CPU
		{219F0F85-7923-4CCC-AA6D-303A51CF8D79}.Release|x64.ActiveCfg = Release|Any CPU
		{219F0F85-7923-4CCC-AA6D-303A51CF8D79}.Release|x64.Build.0 = Release|Any CPU
		{219F0F85-7923-4CCC-AA6D-303A51CF8D79}.Release|x86.ActiveCfg = Release|Any CPU
		{219F0F85-7923-4CCC-AA6D-303A51CF8D79}.Release|x86.Build.0 = Release|Any CPU
		{A3703E2A-C6BC-4968-8B9C-D6BDD8D22D2F}.Debug|Any CPU.ActiveCfg = Debug|Any CPU
		{A3703E2A-C6BC-4968-8B9C-D6BDD8D22D2F}.Debug|Any CPU.Build.0 = Debug|Any CPU
		{A3703E2A-C6BC-4968-8B9C-D6BDD8D22D2F}.Debug|x64.ActiveCfg = Debug|Any CPU
		{A3703E2A-C6BC-4968-8B9C-D6BDD8D22D2F}.Debug|x64.Build.0 = Debug|Any CPU
		{A3703E2A-C6BC-4968-8B9C-D6BDD8D22D2F}.Debug|x86.ActiveCfg = Debug|Any CPU
		{A3703E2A-C6BC-4968-8B9C-D6BDD8D22D2F}.Debug|x86.Build.0 = Debug|Any CPU
		{A3703E2A-C6BC-4968-8B9C-D6BDD8D22D2F}.Release|Any CPU.ActiveCfg = Release|Any CPU
		{A3703E2A-C6BC-4968-8B9C-D6BDD8D22D2F}.Release|Any CPU.Build.0 = Release|Any CPU
		{A3703E2A-C6BC-4968-8B9C-D6BDD8D22D2F}.Release|x64.ActiveCfg = Release|Any CPU
		{A3703E2A-C6BC-4968-8B9C-D6BDD8D22D2F}.Release|x64.Build.0 = Release|Any CPU
		{A3703E2A-C6BC-4968-8B9C-D6BDD8D22D2F}.Release|x86.ActiveCfg = Release|Any CPU
		{A3703E2A-C6BC-4968-8B9C-D6BDD8D22D2F}.Release|x86.Build.0 = Release|Any CPU
		{A6F06616-75CB-4392-83C7-BD134944FF15}.Debug|Any CPU.ActiveCfg = Debug|Any CPU
		{A6F06616-75CB-4392-83C7-BD134944FF15}.Debug|Any CPU.Build.0 = Debug|Any CPU
		{A6F06616-75CB-4392-83C7-BD134944FF15}.Debug|x64.ActiveCfg = Debug|Any CPU
		{A6F06616-75CB-4392-83C7-BD134944FF15}.Debug|x64.Build.0 = Debug|Any CPU
		{A6F06616-75CB-4392-83C7-BD134944FF15}.Debug|x86.ActiveCfg = Debug|Any CPU
		{A6F06616-75CB-4392-83C7-BD134944FF15}.Debug|x86.Build.0 = Debug|Any CPU
		{A6F06616-75CB-4392-83C7-BD134944FF15}.Release|Any CPU.ActiveCfg = Release|Any CPU
		{A6F06616-75CB-4392-83C7-BD134944FF15}.Release|Any CPU.Build.0 = Release|Any CPU
		{A6F06616-75CB-4392-83C7-BD134944FF15}.Release|x64.ActiveCfg = Release|Any CPU
		{A6F06616-75CB-4392-83C7-BD134944FF15}.Release|x64.Build.0 = Release|Any CPU
		{A6F06616-75CB-4392-83C7-BD134944FF15}.Release|x86.ActiveCfg = Release|Any CPU
		{A6F06616-75CB-4392-83C7-BD134944FF15}.Release|x86.Build.0 = Release|Any CPU
		{8D7B6A8B-AB8E-492C-967E-535BCCE195EC}.Debug|Any CPU.ActiveCfg = Debug|Any CPU
		{8D7B6A8B-AB8E-492C-967E-535BCCE195EC}.Debug|Any CPU.Build.0 = Debug|Any CPU
		{8D7B6A8B-AB8E-492C-967E-535BCCE195EC}.Debug|x64.ActiveCfg = Debug|Any CPU
		{8D7B6A8B-AB8E-492C-967E-535BCCE195EC}.Debug|x64.Build.0 = Debug|Any CPU
		{8D7B6A8B-AB8E-492C-967E-535BCCE195EC}.Debug|x86.ActiveCfg = Debug|Any CPU
		{8D7B6A8B-AB8E-492C-967E-535BCCE195EC}.Debug|x86.Build.0 = Debug|Any CPU
		{8D7B6A8B-AB8E-492C-967E-535BCCE195EC}.Release|Any CPU.ActiveCfg = Release|Any CPU
		{8D7B6A8B-AB8E-492C-967E-535BCCE195EC}.Release|Any CPU.Build.0 = Release|Any CPU
		{8D7B6A8B-AB8E-492C-967E-535BCCE195EC}.Release|x64.ActiveCfg = Release|Any CPU
		{8D7B6A8B-AB8E-492C-967E-535BCCE195EC}.Release|x64.Build.0 = Release|Any CPU
		{8D7B6A8B-AB8E-492C-967E-535BCCE195EC}.Release|x86.ActiveCfg = Release|Any CPU
		{8D7B6A8B-AB8E-492C-967E-535BCCE195EC}.Release|x86.Build.0 = Release|Any CPU
		{C40A65C4-38D4-4074-B526-349CB3BFD933}.Debug|Any CPU.ActiveCfg = Debug|Any CPU
		{C40A65C4-38D4-4074-B526-349CB3BFD933}.Debug|Any CPU.Build.0 = Debug|Any CPU
		{C40A65C4-38D4-4074-B526-349CB3BFD933}.Debug|x64.ActiveCfg = Debug|Any CPU
		{C40A65C4-38D4-4074-B526-349CB3BFD933}.Debug|x64.Build.0 = Debug|Any CPU
		{C40A65C4-38D4-4074-B526-349CB3BFD933}.Debug|x86.ActiveCfg = Debug|Any CPU
		{C40A65C4-38D4-4074-B526-349CB3BFD933}.Debug|x86.Build.0 = Debug|Any CPU
		{C40A65C4-38D4-4074-B526-349CB3BFD933}.Release|Any CPU.ActiveCfg = Release|Any CPU
		{C40A65C4-38D4-4074-B526-349CB3BFD933}.Release|Any CPU.Build.0 = Release|Any CPU
		{C40A65C4-38D4-4074-B526-349CB3BFD933}.Release|x64.ActiveCfg = Release|Any CPU
		{C40A65C4-38D4-4074-B526-349CB3BFD933}.Release|x64.Build.0 = Release|Any CPU
		{C40A65C4-38D4-4074-B526-349CB3BFD933}.Release|x86.ActiveCfg = Release|Any CPU
		{C40A65C4-38D4-4074-B526-349CB3BFD933}.Release|x86.Build.0 = Release|Any CPU
	EndGlobalSection
	GlobalSection(SolutionProperties) = preSolution
		HideSolutionNode = FALSE
	EndGlobalSection
	GlobalSection(NestedProjects) = preSolution
		{53E5D24A-28C4-4146-B91A-2AE7A4BF3DEF} = {B7382DD6-C027-4482-A3EB-2512FFAA9EAF}
		{EE798588-CCED-42A0-A643-1CB9089414D5} = {53E5D24A-28C4-4146-B91A-2AE7A4BF3DEF}
		{2AC23F3F-2CCF-4D98-B643-ED4768E91EB1} = {53E5D24A-28C4-4146-B91A-2AE7A4BF3DEF}
		{745955BB-25E1-4EF4-B0E2-64EEE3444F6C} = {53E5D24A-28C4-4146-B91A-2AE7A4BF3DEF}
		{702D9B94-73C4-471F-9910-F5E8DB397573} = {53E5D24A-28C4-4146-B91A-2AE7A4BF3DEF}
		{945055F9-F9B5-442A-AADF-323C5EAE8236} = {53E5D24A-28C4-4146-B91A-2AE7A4BF3DEF}
		{21428408-FA8B-41EB-87FD-F78BD2E64B4B} = {B7382DD6-C027-4482-A3EB-2512FFAA9EAF}
		{219F0F85-7923-4CCC-AA6D-303A51CF8D79} = {21428408-FA8B-41EB-87FD-F78BD2E64B4B}
		{A3703E2A-C6BC-4968-8B9C-D6BDD8D22D2F} = {21428408-FA8B-41EB-87FD-F78BD2E64B4B}
		{A6F06616-75CB-4392-83C7-BD134944FF15} = {21428408-FA8B-41EB-87FD-F78BD2E64B4B}
		{8D7B6A8B-AB8E-492C-967E-535BCCE195EC} = {21428408-FA8B-41EB-87FD-F78BD2E64B4B}
		{C40A65C4-38D4-4074-B526-349CB3BFD933} = {21428408-FA8B-41EB-87FD-F78BD2E64B4B}
	EndGlobalSection
	GlobalSection(ExtensibilityGlobals) = postSolution
		SolutionGuid = {84D5AF06-1243-46F1-9D58-70ED572832C3}
	EndGlobalSection
EndGlobal
